
Microsoft Visual Studio Solution File, Format Version 12.00
# Visual Studio Version 17
VisualStudioVersion = 17.13.35825.156
MinimumVisualStudioVersion = 10.0.40219.1
Project("{FAE04EC0-301F-11D3-BF4B-00C04F79EFBC}") = "VTGS", "Veri_Tabani_Parti_Secim_Grafik_İstatistik\VTGS.csproj", "{D78A5D45-21F9-4B2F-943E-E607FB95D1A5}"
EndProject
Global
	GlobalSection(SolutionConfigurationPlatforms) = preSolution
		Debug|Any CPU = Debug|Any CPU
		Release|Any CPU = Release|Any CPU
	EndGlobalSection
	GlobalSection(ProjectConfigurationPlatforms) = postSolution
		{D78A5D45-21F9-4B2F-943E-E607FB95D1A5}.Debug|Any CPU.ActiveCfg = Debug|Any CPU
		{D78A5D45-21F9-4B2F-943E-E607FB95D1A5}.Debug|Any CPU.Build.0 = Debug|Any CPU
		{D78A5D45-21F9-4B2F-943E-E607FB95D1A5}.Release|Any CPU.ActiveCfg = Release|Any CPU
		{D78A5D45-21F9-4B2F-943E-E607FB95D1A5}.Release|Any CPU.Build.0 = Release|Any CPU
	EndGlobalSection
	GlobalSection(SolutionProperties) = preSolution
		HideSolutionNode = FALSE
	EndGlobalSection
	GlobalSection(ExtensibilityGlobals) = postSolution
		SolutionGuid = {F86B3954-CBC8-4E5E-822D-404E7610821D}
	EndGlobalSection
EndGlobal
